# This file is automatically @generated by Cargo.
# It is not intended for manual editing.
version = 3

[[package]]
name = "oca_io"
version = "0.1.0"

[[package]]
name = "psf-util"
version = "0.1.0"
dependencies = [
 "oca_io",
]

[[package]]
name = "snake"
version = "0.1.0"
dependencies = [
 "oca_io",
 "term",
]

[[package]]
name = "snake-server"
version = "0.1.0"
dependencies = [
 "oca_io",
]

[[package]]
name = "term"
version = "0.1.0"
dependencies = [
 "oca_io",
]
